
Microsoft Visual Studio Solution File, Format Version 12.00
# Visual Studio 14
VisualStudioVersion = 14.0.25420.1
MinimumVisualStudioVersion = 10.0.40219.1
Project("{FAE04EC0-301F-11D3-BF4B-00C04F79EFBC}") = "br.edu.cesed.Web", "br.edu.cesed.Web\br.edu.cesed.Web.csproj", "{31C614A9-762E-410D-83F0-57A512DE1930}"
EndProject
Project("{FAE04EC0-301F-11D3-BF4B-00C04F79EFBC}") = "br.edu.cesed.Dominio", "br.edu.cesed.Dominio\br.edu.cesed.Dominio.csproj", "{E9FE6D26-2D7B-4B72-A6E5-455036120983}"
EndProject
Project("{FAE04EC0-301F-11D3-BF4B-00C04F79EFBC}") = "br.edu.cesed.Infra", "br.edu.cesed.Infra\br.edu.cesed.Infra.csproj", "{8F003528-83B0-4A77-9083-DEA0E12CF09C}"
EndProject
Global
	GlobalSection(SolutionConfigurationPlatforms) = preSolution
		Debug|Any CPU = Debug|Any CPU
		Release|Any CPU = Release|Any CPU
	EndGlobalSection
	GlobalSection(ProjectConfigurationPlatforms) = postSolution
		{31C614A9-762E-410D-83F0-57A512DE1930}.Debug|Any CPU.ActiveCfg = Debug|Any CPU
		{31C614A9-762E-410D-83F0-57A512DE1930}.Debug|Any CPU.Build.0 = Debug|Any CPU
		{31C614A9-762E-410D-83F0-57A512DE1930}.Release|Any CPU.ActiveCfg = Release|Any CPU
		{31C614A9-762E-410D-83F0-57A512DE1930}.Release|Any CPU.Build.0 = Release|Any CPU
		{E9FE6D26-2D7B-4B72-A6E5-455036120983}.Debug|Any CPU.ActiveCfg = Debug|Any CPU
		{E9FE6D26-2D7B-4B72-A6E5-455036120983}.Debug|Any CPU.Build.0 = Debug|Any CPU
		{E9FE6D26-2D7B-4B72-A6E5-455036120983}.Release|Any CPU.ActiveCfg = Release|Any CPU
		{E9FE6D26-2D7B-4B72-A6E5-455036120983}.Release|Any CPU.Build.0 = Release|Any CPU
		{8F003528-83B0-4A77-9083-DEA0E12CF09C}.Debug|Any CPU.ActiveCfg = Debug|Any CPU
		{8F003528-83B0-4A77-9083-DEA0E12CF09C}.Debug|Any CPU.Build.0 = Debug|Any CPU
		{8F003528-83B0-4A77-9083-DEA0E12CF09C}.Release|Any CPU.ActiveCfg = Release|Any CPU
		{8F003528-83B0-4A77-9083-DEA0E12CF09C}.Release|Any CPU.Build.0 = Release|Any CPU
	EndGlobalSection
	GlobalSection(SolutionProperties) = preSolution
		HideSolutionNode = FALSE
	EndGlobalSection
EndGlobal
